
Microsoft Visual Studio Solution File, Format Version 12.00
Project("{2150E333-8FDC-42A3-9474-1A3956D46DE8}") = "Src", "Src", "{6E6602A8-A4A0-488F-898B-98A2B995E31D}"
EndProject
Project("{2150E333-8FDC-42A3-9474-1A3956D46DE8}") = "HelloWorld.Grains", "HelloWorld.Grains", "{C25CBA7D-9B75-423F-9E72-08CFAA64CE4E}"
EndProject
Project("{2150E333-8FDC-42A3-9474-1A3956D46DE8}") = "HelloWorld.Interfaces", "HelloWorld.Interfaces", "{6BCD7101-B635-4FBB-971D-C310AC6610D2}"
EndProject
Project("{2150E333-8FDC-42A3-9474-1A3956D46DE8}") = "OrleansClient", "OrleansClient", "{1B4DF76C-D49F-497A-B589-71B106E8DDC7}"
EndProject
Project("{2150E333-8FDC-42A3-9474-1A3956D46DE8}") = "SiloHost", "SiloHost", "{6A0B237E-9934-4E9B-B44F-31FFB2210ED1}"
EndProject
Project("{FAE04EC0-301F-11D3-BF4B-00C04F79EFBC}") = "HelloWorld.Grains", "HelloWorld.Grains\HelloWorld.Grains.csproj", "{2308481C-B4CD-4292-95DF-AFB0392E2BF7}"
EndProject
Project("{FAE04EC0-301F-11D3-BF4B-00C04F79EFBC}") = "HelloWorld.Interfaces", "HelloWorld.Interfaces\HelloWorld.Interfaces.csproj", "{01A6E2A7-9400-4783-AB48-71AAE39486A7}"
EndProject
Project("{FAE04EC0-301F-11D3-BF4B-00C04F79EFBC}") = "OrleansClient", "OrleansClient\OrleansClient.csproj", "{55810E3D-89CF-4E7E-8EF1-6E5EAD6284BB}"
EndProject
Project("{FAE04EC0-301F-11D3-BF4B-00C04F79EFBC}") = "SiloHost", "SiloHost\SiloHost.csproj", "{D6E9A643-1C1F-403B-A7E3-9C7CD3B37DD1}"
EndProject
Global
	GlobalSection(SolutionConfigurationPlatforms) = preSolution
		Debug|Any CPU = Debug|Any CPU
		Release|Any CPU = Release|Any CPU
	EndGlobalSection
	GlobalSection(NestedProjects) = preSolution
		{C25CBA7D-9B75-423F-9E72-08CFAA64CE4E} = {6E6602A8-A4A0-488F-898B-98A2B995E31D}
		{6BCD7101-B635-4FBB-971D-C310AC6610D2} = {6E6602A8-A4A0-488F-898B-98A2B995E31D}
		{1B4DF76C-D49F-497A-B589-71B106E8DDC7} = {6E6602A8-A4A0-488F-898B-98A2B995E31D}
		{6A0B237E-9934-4E9B-B44F-31FFB2210ED1} = {6E6602A8-A4A0-488F-898B-98A2B995E31D}
		{2308481C-B4CD-4292-95DF-AFB0392E2BF7} = {C25CBA7D-9B75-423F-9E72-08CFAA64CE4E}
		{01A6E2A7-9400-4783-AB48-71AAE39486A7} = {6BCD7101-B635-4FBB-971D-C310AC6610D2}
		{55810E3D-89CF-4E7E-8EF1-6E5EAD6284BB} = {1B4DF76C-D49F-497A-B589-71B106E8DDC7}
		{D6E9A643-1C1F-403B-A7E3-9C7CD3B37DD1} = {6A0B237E-9934-4E9B-B44F-31FFB2210ED1}
	EndGlobalSection
	GlobalSection(ProjectConfigurationPlatforms) = postSolution
		{2308481C-B4CD-4292-95DF-AFB0392E2BF7}.Debug|Any CPU.ActiveCfg = Debug|Any CPU
		{2308481C-B4CD-4292-95DF-AFB0392E2BF7}.Debug|Any CPU.Build.0 = Debug|Any CPU
		{2308481C-B4CD-4292-95DF-AFB0392E2BF7}.Release|Any CPU.ActiveCfg = Release|Any CPU
		{2308481C-B4CD-4292-95DF-AFB0392E2BF7}.Release|Any CPU.Build.0 = Release|Any CPU
		{01A6E2A7-9400-4783-AB48-71AAE39486A7}.Debug|Any CPU.ActiveCfg = Debug|Any CPU
		{01A6E2A7-9400-4783-AB48-71AAE39486A7}.Debug|Any CPU.Build.0 = Debug|Any CPU
		{01A6E2A7-9400-4783-AB48-71AAE39486A7}.Release|Any CPU.ActiveCfg = Release|Any CPU
		{01A6E2A7-9400-4783-AB48-71AAE39486A7}.Release|Any CPU.Build.0 = Release|Any CPU
		{55810E3D-89CF-4E7E-8EF1-6E5EAD6284BB}.Debug|Any CPU.ActiveCfg = Debug|Any CPU
		{55810E3D-89CF-4E7E-8EF1-6E5EAD6284BB}.Debug|Any CPU.Build.0 = Debug|Any CPU
		{55810E3D-89CF-4E7E-8EF1-6E5EAD6284BB}.Release|Any CPU.ActiveCfg = Release|Any CPU
		{55810E3D-89CF-4E7E-8EF1-6E5EAD6284BB}.Release|Any CPU.Build.0 = Release|Any CPU
		{D6E9A643-1C1F-403B-A7E3-9C7CD3B37DD1}.Debug|Any CPU.ActiveCfg = Debug|Any CPU
		{D6E9A643-1C1F-403B-A7E3-9C7CD3B37DD1}.Debug|Any CPU.Build.0 = Debug|Any CPU
		{D6E9A643-1C1F-403B-A7E3-9C7CD3B37DD1}.Release|Any CPU.ActiveCfg = Release|Any CPU
		{D6E9A643-1C1F-403B-A7E3-9C7CD3B37DD1}.Release|Any CPU.Build.0 = Release|Any CPU
	EndGlobalSection
EndGlobal
